// !$*UTF8*$!
{
	archiveVersion = 1;
	classes = {
	};
	objectVersion = 77;
	objects = {

/* Begin PBXBuildFile section */
		425728842ECF16EC00E95676 /* Assets.xcassets in Resources */ = {isa = PBXBuildFile; fileRef = 4257287B2ECF16EC00E95676 /* Assets.xcassets */; };
		425728862ECF16EC00E95676 /* LaunchScreen.storyboard in Resources */ = {isa = PBXBuildFile; fileRef = 4257287E2ECF16EC00E95676 /* LaunchScreen.storyboard */; };
		425728882ECF16EC00E95676 /* AppDelegate.swift in Sources */ = {isa = PBXBuildFile; fileRef = 4257287A2ECF16EC00E95676 /* AppDelegate.swift */; };
		425728892ECF16EC00E95676 /* SceneDelegate.swift in Sources */ = {isa = PBXBuildFile; fileRef = 425728812ECF16EC00E95676 /* SceneDelegate.swift */; };
		425728912ECF1E1400E95676 /* RecipeListContracts.swift in Sources */ = {isa = PBXBuildFile; fileRef = 425728902ECF1E1400E95676 /* RecipeListContracts.swift */; };
		425728932ECF1E8800E95676 /* RecipeListViewController.swift in Sources */ = {isa = PBXBuildFile; fileRef = 425728922ECF1E8800E95676 /* RecipeListViewController.swift */; };
		4270D77E2ECF2477002829AA /* RecipeListPresenter.swift in Sources */ = {isa = PBXBuildFile; fileRef = 4270D77D2ECF2477002829AA /* RecipeListPresenter.swift */; };
		4270D7802ECF25FE002829AA /* RecipeListAssembly.swift in Sources */ = {isa = PBXBuildFile; fileRef = 4270D77F2ECF25FE002829AA /* RecipeListAssembly.swift */; };
		4270D7822ECF2645002829AA /* RecipeListRouter.swift in Sources */ = {isa = PBXBuildFile; fileRef = 4270D7812ECF2645002829AA /* RecipeListRouter.swift */; };
		4270D7842ECF266B002829AA /* RecipeListInteractor.swift in Sources */ = {isa = PBXBuildFile; fileRef = 4270D7832ECF266B002829AA /* RecipeListInteractor.swift */; };
		4270D7862ECF2E81002829AA /* RecipeListModels.swift in Sources */ = {isa = PBXBuildFile; fileRef = 4270D7852ECF2E81002829AA /* RecipeListModels.swift */; };
		4270D7892ECF3231002829AA /* RecipeDetailContracts.swift in Sources */ = {isa = PBXBuildFile; fileRef = 4270D7882ECF3231002829AA /* RecipeDetailContracts.swift */; };
		4270D78B2ECF326E002829AA /* RecipeDetailViewController.swift in Sources */ = {isa = PBXBuildFile; fileRef = 4270D78A2ECF326E002829AA /* RecipeDetailViewController.swift */; };
		4270D78D2ECF3931002829AA /* RecipeDetailPresenter.swift in Sources */ = {isa = PBXBuildFile; fileRef = 4270D78C2ECF3931002829AA /* RecipeDetailPresenter.swift */; };
		4270D78F2ECF3970002829AA /* RecipeDetailInteractor.swift in Sources */ = {isa = PBXBuildFile; fileRef = 4270D78E2ECF3970002829AA /* RecipeDetailInteractor.swift */; };
		4270D7912ECF39AB002829AA /* RecipeDetailRouter.swift in Sources */ = {isa = PBXBuildFile; fileRef = 4270D7902ECF39AB002829AA /* RecipeDetailRouter.swift */; };
		4270D7932ECF39CF002829AA /* RecipeDetailAssembly.swift in Sources */ = {isa = PBXBuildFile; fileRef = 4270D7922ECF39CF002829AA /* RecipeDetailAssembly.swift */; };
		4270D7952ECF3B61002829AA /* NetworkClient.swift in Sources */ = {isa = PBXBuildFile; fileRef = 4270D7942ECF3B61002829AA /* NetworkClient.swift */; };
		4270D7972ECF3B62002829AA /* MealSearchDTO.swift in Sources */ = {isa = PBXBuildFile; fileRef = 4270D7962ECF3B62002829AA /* MealSearchDTO.swift */; };
		4270D7992ECF3B64002829AA /* TheMealDBService.swift in Sources */ = {isa = PBXBuildFile; fileRef = 4270D7982ECF3B64002829AA /* TheMealDBService.swift */; };
		4270D7A12ECF3F40002829AA /* RecipeListItemEntity.swift in Sources */ = {isa = PBXBuildFile; fileRef = 4270D7A02ECF3F40002829AA /* RecipeListItemEntity.swift */; };
		4270D7B02ECF43B2002829AA /* MealLookupDTO.swift in Sources */ = {isa = PBXBuildFile; fileRef = 4270D7AF2ECF43B2002829AA /* MealLookupDTO.swift */; };
/* End PBXBuildFile section */

/* Begin PBXFileReference section */
		425728622ECF16C800E95676 /* HomeCookBook.app */ = {isa = PBXFileReference; explicitFileType = wrapper.application; includeInIndex = 0; path = HomeCookBook.app; sourceTree = BUILT_PRODUCTS_DIR; };
		4257287A2ECF16EC00E95676 /* AppDelegate.swift */ = {isa = PBXFileReference; lastKnownFileType = sourcecode.swift; path = AppDelegate.swift; sourceTree = "<group>"; };
		4257287B2ECF16EC00E95676 /* Assets.xcassets */ = {isa = PBXFileReference; lastKnownFileType = folder.assetcatalog; path = Assets.xcassets; sourceTree = "<group>"; };
		4257287C2ECF16EC00E95676 /* Info.plist */ = {isa = PBXFileReference; lastKnownFileType = text.plist.xml; path = Info.plist; sourceTree = "<group>"; };
		4257287D2ECF16EC00E95676 /* Base */ = {isa = PBXFileReference; lastKnownFileType = file.storyboard; name = Base; path = Base.lproj/LaunchScreen.storyboard; sourceTree = "<group>"; };
		425728812ECF16EC00E95676 /* SceneDelegate.swift */ = {isa = PBXFileReference; lastKnownFileType = sourcecode.swift; path = SceneDelegate.swift; sourceTree = "<group>"; };
		425728902ECF1E1400E95676 /* RecipeListContracts.swift */ = {isa = PBXFileReference; lastKnownFileType = sourcecode.swift; path = RecipeListContracts.swift; sourceTree = "<group>"; };
		425728922ECF1E8800E95676 /* RecipeListViewController.swift */ = {isa = PBXFileReference; lastKnownFileType = sourcecode.swift; path = RecipeListViewController.swift; sourceTree = "<group>"; };
		4270D77D2ECF2477002829AA /* RecipeListPresenter.swift */ = {isa = PBXFileReference; lastKnownFileType = sourcecode.swift; path = RecipeListPresenter.swift; sourceTree = "<group>"; };
		4270D77F2ECF25FE002829AA /* RecipeListAssembly.swift */ = {isa = PBXFileReference; lastKnownFileType = sourcecode.swift; path = RecipeListAssembly.swift; sourceTree = "<group>"; };
		4270D7812ECF2645002829AA /* RecipeListRouter.swift */ = {isa = PBXFileReference; lastKnownFileType = sourcecode.swift; path = RecipeListRouter.swift; sourceTree = "<group>"; };
		4270D7832ECF266B002829AA /* RecipeListInteractor.swift */ = {isa = PBXFileReference; lastKnownFileType = sourcecode.swift; path = RecipeListInteractor.swift; sourceTree = "<group>"; };
		4270D7852ECF2E81002829AA /* RecipeListModels.swift */ = {isa = PBXFileReference; lastKnownFileType = sourcecode.swift; path = RecipeListModels.swift; sourceTree = "<group>"; };
		4270D7882ECF3231002829AA /* RecipeDetailContracts.swift */ = {isa = PBXFileReference; lastKnownFileType = sourcecode.swift; path = RecipeDetailContracts.swift; sourceTree = "<group>"; };
		4270D78A2ECF326E002829AA /* RecipeDetailViewController.swift */ = {isa = PBXFileReference; lastKnownFileType = sourcecode.swift; path = RecipeDetailViewController.swift; sourceTree = "<group>"; };
		4270D78C2ECF3931002829AA /* RecipeDetailPresenter.swift */ = {isa = PBXFileReference; lastKnownFileType = sourcecode.swift; path = RecipeDetailPresenter.swift; sourceTree = "<group>"; };
		4270D78E2ECF3970002829AA /* RecipeDetailInteractor.swift */ = {isa = PBXFileReference; lastKnownFileType = sourcecode.swift; path = RecipeDetailInteractor.swift; sourceTree = "<group>"; };
		4270D7902ECF39AB002829AA /* RecipeDetailRouter.swift */ = {isa = PBXFileReference; lastKnownFileType = sourcecode.swift; path = RecipeDetailRouter.swift; sourceTree = "<group>"; };
		4270D7922ECF39CF002829AA /* RecipeDetailAssembly.swift */ = {isa = PBXFileReference; lastKnownFileType = sourcecode.swift; path = RecipeDetailAssembly.swift; sourceTree = "<group>"; };
		4270D7942ECF3B61002829AA /* NetworkClient.swift */ = {isa = PBXFileReference; lastKnownFileType = sourcecode.swift; path = NetworkClient.swift; sourceTree = "<group>"; };
		4270D7962ECF3B62002829AA /* MealSearchDTO.swift */ = {isa = PBXFileReference; lastKnownFileType = sourcecode.swift; path = MealSearchDTO.swift; sourceTree = "<group>"; };
		4270D7982ECF3B64002829AA /* TheMealDBService.swift */ = {isa = PBXFileReference; lastKnownFileType = sourcecode.swift; path = TheMealDBService.swift; sourceTree = "<group>"; };
		4270D7A02ECF3F40002829AA /* RecipeListItemEntity.swift */ = {isa = PBXFileReference; lastKnownFileType = sourcecode.swift; path = RecipeListItemEntity.swift; sourceTree = "<group>"; };
		4270D7AF2ECF43B2002829AA /* MealLookupDTO.swift */ = {isa = PBXFileReference; lastKnownFileType = sourcecode.swift; path = MealLookupDTO.swift; sourceTree = "<group>"; };
/* End PBXFileReference section */

/* Begin PBXFrameworksBuildPhase section */
		4257285F2ECF16C800E95676 /* Frameworks */ = {
			isa = PBXFrameworksBuildPhase;
			buildActionMask = 2147483647;
			files = (
			);
			runOnlyForDeploymentPostprocessing = 0;
		};
/* End PBXFrameworksBuildPhase section */

/* Begin PBXGroup section */
		425728592ECF16C800E95676 = {
			isa = PBXGroup;
			children = (
				425728832ECF16EC00E95676 /* HomeCookBook */,
				425728632ECF16C800E95676 /* Products */,
			);
			sourceTree = "<group>";
		};
		425728632ECF16C800E95676 /* Products */ = {
			isa = PBXGroup;
			children = (
				425728622ECF16C800E95676 /* HomeCookBook.app */,
			);
			name = Products;
			sourceTree = "<group>";
		};
		425728832ECF16EC00E95676 /* HomeCookBook */ = {
			isa = PBXGroup;
			children = (
				4257288B2ECF1B6000E95676 /* App */,
				4270D79A2ECF3EA8002829AA /* Data */,
				4270D79E2ECF3F20002829AA /* Domain */,
				4257288D2ECF1D7500E95676 /* Presentation */,
				4257288C2ECF1B8100E95676 /* Resources */,
				4257287E2ECF16EC00E95676 /* LaunchScreen.storyboard */,
			);
			path = HomeCookBook;
			sourceTree = "<group>";
		};
		4257288B2ECF1B6000E95676 /* App */ = {
			isa = PBXGroup;
			children = (
				4257287A2ECF16EC00E95676 /* AppDelegate.swift */,
				425728812ECF16EC00E95676 /* SceneDelegate.swift */,
				4257287C2ECF16EC00E95676 /* Info.plist */,
			);
			path = App;
			sourceTree = "<group>";
		};
		4257288C2ECF1B8100E95676 /* Resources */ = {
			isa = PBXGroup;
			children = (
				4257287B2ECF16EC00E95676 /* Assets.xcassets */,
			);
			path = Resources;
			sourceTree = "<group>";
		};
		4257288D2ECF1D7500E95676 /* Presentation */ = {
			isa = PBXGroup;
			children = (
				4257288E2ECF1D8F00E95676 /* Modules */,
			);
			path = Presentation;
			sourceTree = "<group>";
		};
		4257288E2ECF1D8F00E95676 /* Modules */ = {
			isa = PBXGroup;
			children = (
				4257288F2ECF1DAF00E95676 /* RecipeList */,
				4270D7872ECF31EA002829AA /* RecipeDetail */,
			);
			path = Modules;
			sourceTree = "<group>";
		};
		4257288F2ECF1DAF00E95676 /* RecipeList */ = {
			isa = PBXGroup;
			children = (
				4270D7A22ECF3F7C002829AA /* Contracts */,
				4270D7A32ECF3F98002829AA /* Models */,
				4270D7A42ECF3FBB002829AA /* View */,
				4270D7A52ECF3FC8002829AA /* Presentor */,
				4270D7A62ECF3FD8002829AA /* Interactor */,
				4270D7A72ECF3FE9002829AA /* Router */,
				4270D7A82ECF3FFD002829AA /* Assembly */,
			);
			path = RecipeList;
			sourceTree = "<group>";
		};
		4270D7872ECF31EA002829AA /* RecipeDetail */ = {
			isa = PBXGroup;
			children = (
				4270D7A92ECF404D002829AA /* Contracts */,
				4270D7AA2ECF4063002829AA /* View */,
				4270D7AB2ECF406C002829AA /* Presenter */,
				4270D7AC2ECF407A002829AA /* Interactor */,
				4270D7AD2ECF408E002829AA /* Router */,
				4270D7AE2ECF409E002829AA /* Assembly */,
			);
			path = RecipeDetail;
			sourceTree = "<group>";
		};
		4270D79A2ECF3EA8002829AA /* Data */ = {
			isa = PBXGroup;
			children = (
				4270D79B2ECF3EBE002829AA /* Networking */,
				4270D79C2ECF3EE1002829AA /* DTO */,
				4270D79D2ECF3EEF002829AA /* Services */,
			);
			path = Data;
			sourceTree = "<group>";
		};
		4270D79B2ECF3EBE002829AA /* Networking */ = {
			isa = PBXGroup;
			children = (
				4270D7942ECF3B61002829AA /* NetworkClient.swift */,
			);
			path = Networking;
			sourceTree = "<group>";
		};
		4270D79C2ECF3EE1002829AA /* DTO */ = {
			isa = PBXGroup;
			children = (
				4270D7962ECF3B62002829AA /* MealSearchDTO.swift */,
				4270D7AF2ECF43B2002829AA /* MealLookupDTO.swift */,
			);
			path = DTO;
			sourceTree = "<group>";
		};
		4270D79D2ECF3EEF002829AA /* Services */ = {
			isa = PBXGroup;
			children = (
				4270D7982ECF3B64002829AA /* TheMealDBService.swift */,
			);
			path = Services;
			sourceTree = "<group>";
		};
		4270D79E2ECF3F20002829AA /* Domain */ = {
			isa = PBXGroup;
			children = (
				4270D79F2ECF3F29002829AA /* Entities */,
			);
			path = Domain;
			sourceTree = "<group>";
		};
		4270D79F2ECF3F29002829AA /* Entities */ = {
			isa = PBXGroup;
			children = (
				4270D7A02ECF3F40002829AA /* RecipeListItemEntity.swift */,
			);
			path = Entities;
			sourceTree = "<group>";
		};
		4270D7A22ECF3F7C002829AA /* Contracts */ = {
			isa = PBXGroup;
			children = (
				425728902ECF1E1400E95676 /* RecipeListContracts.swift */,
			);
			path = Contracts;
			sourceTree = "<group>";
		};
		4270D7A32ECF3F98002829AA /* Models */ = {
			isa = PBXGroup;
			children = (
				4270D7852ECF2E81002829AA /* RecipeListModels.swift */,
			);
			path = Models;
			sourceTree = "<group>";
		};
		4270D7A42ECF3FBB002829AA /* View */ = {
			isa = PBXGroup;
			children = (
				425728922ECF1E8800E95676 /* RecipeListViewController.swift */,
			);
			path = View;
			sourceTree = "<group>";
		};
		4270D7A52ECF3FC8002829AA /* Presentor */ = {
			isa = PBXGroup;
			children = (
				4270D77D2ECF2477002829AA /* RecipeListPresenter.swift */,
			);
			path = Presentor;
			sourceTree = "<group>";
		};
		4270D7A62ECF3FD8002829AA /* Interactor */ = {
			isa = PBXGroup;
			children = (
				4270D7832ECF266B002829AA /* RecipeListInteractor.swift */,
			);
			path = Interactor;
			sourceTree = "<group>";
		};
		4270D7A72ECF3FE9002829AA /* Router */ = {
			isa = PBXGroup;
			children = (
				4270D7812ECF2645002829AA /* RecipeListRouter.swift */,
			);
			path = Router;
			sourceTree = "<group>";
		};
		4270D7A82ECF3FFD002829AA /* Assembly */ = {
			isa = PBXGroup;
			children = (
				4270D77F2ECF25FE002829AA /* RecipeListAssembly.swift */,
			);
			path = Assembly;
			sourceTree = "<group>";
		};
		4270D7A92ECF404D002829AA /* Contracts */ = {
			isa = PBXGroup;
			children = (
				4270D7882ECF3231002829AA /* RecipeDetailContracts.swift */,
			);
			path = Contracts;
			sourceTree = "<group>";
		};
		4270D7AA2ECF4063002829AA /* View */ = {
			isa = PBXGroup;
			children = (
				4270D78A2ECF326E002829AA /* RecipeDetailViewController.swift */,
			);
			path = View;
			sourceTree = "<group>";
		};
		4270D7AB2ECF406C002829AA /* Presenter */ = {
			isa = PBXGroup;
			children = (
				4270D78C2ECF3931002829AA /* RecipeDetailPresenter.swift */,
			);
			path = Presenter;
			sourceTree = "<group>";
		};
		4270D7AC2ECF407A002829AA /* Interactor */ = {
			isa = PBXGroup;
			children = (
				4270D78E2ECF3970002829AA /* RecipeDetailInteractor.swift */,
			);
			path = Interactor;
			sourceTree = "<group>";
		};
		4270D7AD2ECF408E002829AA /* Router */ = {
			isa = PBXGroup;
			children = (
				4270D7902ECF39AB002829AA /* RecipeDetailRouter.swift */,
			);
			path = Router;
			sourceTree = "<group>";
		};
		4270D7AE2ECF409E002829AA /* Assembly */ = {
			isa = PBXGroup;
			children = (
				4270D7922ECF39CF002829AA /* RecipeDetailAssembly.swift */,
			);
			path = Assembly;
			sourceTree = "<group>";
		};
/* End PBXGroup section */

/* Begin PBXNativeTarget section */
		425728612ECF16C800E95676 /* HomeCookBook */ = {
			isa = PBXNativeTarget;
			buildConfigurationList = 425728752ECF16C900E95676 /* Build configuration list for PBXNativeTarget "HomeCookBook" */;
			buildPhases = (
				4257285E2ECF16C800E95676 /* Sources */,
				4257285F2ECF16C800E95676 /* Frameworks */,
				425728602ECF16C800E95676 /* Resources */,
			);
			buildRules = (
			);
			dependencies = (
			);
			name = HomeCookBook;
			packageProductDependencies = (
			);
			productName = HomeCookBook;
			productReference = 425728622ECF16C800E95676 /* HomeCookBook.app */;
			productType = "com.apple.product-type.application";
		};
/* End PBXNativeTarget section */

/* Begin PBXProject section */
		4257285A2ECF16C800E95676 /* Project object */ = {
			isa = PBXProject;
			attributes = {
				BuildIndependentTargetsInParallel = 1;
				LastSwiftUpdateCheck = 2610;
				LastUpgradeCheck = 2610;
				TargetAttributes = {
					425728612ECF16C800E95676 = {
						CreatedOnToolsVersion = 26.1.1;
					};
				};
			};
			buildConfigurationList = 4257285D2ECF16C800E95676 /* Build configuration list for PBXProject "HomeCookBook" */;
			developmentRegion = en;
			hasScannedForEncodings = 0;
			knownRegions = (
				en,
				Base,
			);
			mainGroup = 425728592ECF16C800E95676;
			minimizedProjectReferenceProxies = 1;
			preferredProjectObjectVersion = 77;
			productRefGroup = 425728632ECF16C800E95676 /* Products */;
			projectDirPath = "";
			projectRoot = "";
			targets = (
				425728612ECF16C800E95676 /* HomeCookBook */,
			);
		};
/* End PBXProject section */

/* Begin PBXResourcesBuildPhase section */
		425728602ECF16C800E95676 /* Resources */ = {
			isa = PBXResourcesBuildPhase;
			buildActionMask = 2147483647;
			files = (
				425728842ECF16EC00E95676 /* Assets.xcassets in Resources */,
				425728862ECF16EC00E95676 /* LaunchScreen.storyboard in Resources */,
			);
			runOnlyForDeploymentPostprocessing = 0;
		};
/* End PBXResourcesBuildPhase section */

/* Begin PBXSourcesBuildPhase section */
		4257285E2ECF16C800E95676 /* Sources */ = {
			isa = PBXSourcesBuildPhase;
			buildActionMask = 2147483647;
			files = (
				425728932ECF1E8800E95676 /* RecipeListViewController.swift in Sources */,
				4270D7A12ECF3F40002829AA /* RecipeListItemEntity.swift in Sources */,
				4270D7B02ECF43B2002829AA /* MealLookupDTO.swift in Sources */,
				4270D7892ECF3231002829AA /* RecipeDetailContracts.swift in Sources */,
				4270D7992ECF3B64002829AA /* TheMealDBService.swift in Sources */,
				4270D77E2ECF2477002829AA /* RecipeListPresenter.swift in Sources */,
				425728882ECF16EC00E95676 /* AppDelegate.swift in Sources */,
				4270D7822ECF2645002829AA /* RecipeListRouter.swift in Sources */,
				4270D78D2ECF3931002829AA /* RecipeDetailPresenter.swift in Sources */,
				4270D7862ECF2E81002829AA /* RecipeListModels.swift in Sources */,
				4270D7952ECF3B61002829AA /* NetworkClient.swift in Sources */,
				4270D7842ECF266B002829AA /* RecipeListInteractor.swift in Sources */,
				4270D78B2ECF326E002829AA /* RecipeDetailViewController.swift in Sources */,
				4270D7802ECF25FE002829AA /* RecipeListAssembly.swift in Sources */,
				4270D7972ECF3B62002829AA /* MealSearchDTO.swift in Sources */,
				4270D78F2ECF3970002829AA /* RecipeDetailInteractor.swift in Sources */,
				4270D7912ECF39AB002829AA /* RecipeDetailRouter.swift in Sources */,
				425728892ECF16EC00E95676 /* SceneDelegate.swift in Sources */,
				4270D7932ECF39CF002829AA /* RecipeDetailAssembly.swift in Sources */,
				425728912ECF1E1400E95676 /* RecipeListContracts.swift in Sources */,
			);
			runOnlyForDeploymentPostprocessing = 0;
		};
/* End PBXSourcesBuildPhase section */

/* Begin PBXVariantGroup section */
		4257287E2ECF16EC00E95676 /* LaunchScreen.storyboard */ = {
			isa = PBXVariantGroup;
			children = (
				4257287D2ECF16EC00E95676 /* Base */,
			);
			name = LaunchScreen.storyboard;
			sourceTree = "<group>";
		};
/* End PBXVariantGroup section */

/* Begin XCBuildConfiguration section */
		425728762ECF16C900E95676 /* Debug */ = {
			isa = XCBuildConfiguration;
			buildSettings = {
				ASSETCATALOG_COMPILER_APPICON_NAME = AppIcon;
				ASSETCATALOG_COMPILER_GLOBAL_ACCENT_COLOR_NAME = AccentColor;
				CODE_SIGN_STYLE = Automatic;
				CURRENT_PROJECT_VERSION = 1;
				GENERATE_INFOPLIST_FILE = YES;
				INFOPLIST_FILE = HomeCookBook/App/Info.plist;
				INFOPLIST_KEY_UIApplicationSupportsIndirectInputEvents = YES;
				INFOPLIST_KEY_UILaunchStoryboardName = LaunchScreen;
				INFOPLIST_KEY_UISupportedInterfaceOrientations = UIInterfaceOrientationPortrait;
				INFOPLIST_KEY_UISupportedInterfaceOrientations_iPad = "UIInterfaceOrientationLandscapeLeft UIInterfaceOrientationLandscapeRight UIInterfaceOrientationPortrait UIInterfaceOrientationPortraitUpsideDown";
				IPHONEOS_DEPLOYMENT_TARGET = 15.6;
				LD_RUNPATH_SEARCH_PATHS = (
					"$(inherited)",
					"@executable_path/Frameworks",
				);
				MARKETING_VERSION = 1.0;
				PRODUCT_BUNDLE_IDENTIFIER = "Alexander-Shevtsov.HomeCookBook";
				PRODUCT_NAME = "$(TARGET_NAME)";
				STRING_CATALOG_GENERATE_SYMBOLS = YES;
				SUPPORTED_PLATFORMS = "iphoneos iphonesimulator";
				SUPPORTS_MACCATALYST = NO;
				SUPPORTS_MAC_DESIGNED_FOR_IPHONE_IPAD = NO;
				SUPPORTS_XR_DESIGNED_FOR_IPHONE_IPAD = NO;
				SWIFT_APPROACHABLE_CONCURRENCY = YES;
				SWIFT_DEFAULT_ACTOR_ISOLATION = MainActor;
				SWIFT_EMIT_LOC_STRINGS = YES;
				SWIFT_UPCOMING_FEATURE_MEMBER_IMPORT_VISIBILITY = YES;
				SWIFT_VERSION = 5.0;
				TARGETED_DEVICE_FAMILY = 1;
			};
			name = Debug;
		};
		425728772ECF16C900E95676 /* Release */ = {
			isa = XCBuildConfiguration;
			buildSettings = {
				ASSETCATALOG_COMPILER_APPICON_NAME = AppIcon;
				ASSETCATALOG_COMPILER_GLOBAL_ACCENT_COLOR_NAME = AccentColor;
				CODE_SIGN_STYLE = Automatic;
				CURRENT_PROJECT_VERSION = 1;
				GENERATE_INFOPLIST_FILE = YES;
				INFOPLIST_FILE = HomeCookBook/App/Info.plist;
				INFOPLIST_KEY_UIApplicationSupportsIndirectInputEvents = YES;
				INFOPLIST_KEY_UILaunchStoryboardName = LaunchScreen;
				INFOPLIST_KEY_UISupportedInterfaceOrientations = UIInterfaceOrientationPortrait;
				INFOPLIST_KEY_UISupportedInterfaceOrientations_iPad = "UIInterfaceOrientationLandscapeLeft UIInterfaceOrientationLandscapeRight UIInterfaceOrientationPortrait UIInterfaceOrientationPortraitUpsideDown";
				IPHONEOS_DEPLOYMENT_TARGET = 15.6;
				LD_RUNPATH_SEARCH_PATHS = (
					"$(inherited)",
					"@executable_path/Frameworks",
				);
				MARKETING_VERSION = 1.0;
				PRODUCT_BUNDLE_IDENTIFIER = "Alexander-Shevtsov.HomeCookBook";
				PRODUCT_NAME = "$(TARGET_NAME)";
				STRING_CATALOG_GENERATE_SYMBOLS = YES;
				SUPPORTED_PLATFORMS = "iphoneos iphonesimulator";
				SUPPORTS_MACCATALYST = NO;
				SUPPORTS_MAC_DESIGNED_FOR_IPHONE_IPAD = NO;
				SUPPORTS_XR_DESIGNED_FOR_IPHONE_IPAD = NO;
				SWIFT_APPROACHABLE_CONCURRENCY = YES;
				SWIFT_DEFAULT_ACTOR_ISOLATION = MainActor;
				SWIFT_EMIT_LOC_STRINGS = YES;
				SWIFT_UPCOMING_FEATURE_MEMBER_IMPORT_VISIBILITY = YES;
				SWIFT_VERSION = 5.0;
				TARGETED_DEVICE_FAMILY = 1;
			};
			name = Release;
		};
		425728782ECF16C900E95676 /* Debug */ = {
			isa = XCBuildConfiguration;
			buildSettings = {
				ALWAYS_SEARCH_USER_PATHS = NO;
				ASSETCATALOG_COMPILER_GENERATE_SWIFT_ASSET_SYMBOL_EXTENSIONS = YES;
				CLANG_ANALYZER_NONNULL = YES;
				CLANG_ANALYZER_NUMBER_OBJECT_CONVERSION = YES_AGGRESSIVE;
				CLANG_CXX_LANGUAGE_STANDARD = "gnu++20";
				CLANG_ENABLE_MODULES = YES;
				CLANG_ENABLE_OBJC_ARC = YES;
				CLANG_ENABLE_OBJC_WEAK = YES;
				CLANG_WARN_BLOCK_CAPTURE_AUTORELEASING = YES;
				CLANG_WARN_BOOL_CONVERSION = YES;
				CLANG_WARN_COMMA = YES;
				CLANG_WARN_CONSTANT_CONVERSION = YES;
				CLANG_WARN_DEPRECATED_OBJC_IMPLEMENTATIONS = YES;
				CLANG_WARN_DIRECT_OBJC_ISA_USAGE = YES_ERROR;
				CLANG_WARN_DOCUMENTATION_COMMENTS = YES;
				CLANG_WARN_EMPTY_BODY = YES;
				CLANG_WARN_ENUM_CONVERSION = YES;
				CLANG_WARN_INFINITE_RECURSION = YES;
				CLANG_WARN_INT_CONVERSION = YES;
				CLANG_WARN_NON_LITERAL_NULL_CONVERSION = YES;
				CLANG_WARN_OBJC_IMPLICIT_RETAIN_SELF = YES;
				CLANG_WARN_OBJC_LITERAL_CONVERSION = YES;
				CLANG_WARN_OBJC_ROOT_CLASS = YES_ERROR;
				CLANG_WARN_QUOTED_INCLUDE_IN_FRAMEWORK_HEADER = YES;
				CLANG_WARN_RANGE_LOOP_ANALYSIS = YES;
				CLANG_WARN_STRICT_PROTOTYPES = YES;
				CLANG_WARN_SUSPICIOUS_MOVE = YES;
				CLANG_WARN_UNGUARDED_AVAILABILITY = YES_AGGRESSIVE;
				CLANG_WARN_UNREACHABLE_CODE = YES;
				CLANG_WARN__DUPLICATE_METHOD_MATCH = YES;
				COPY_PHASE_STRIP = NO;
				DEBUG_INFORMATION_FORMAT = dwarf;
				ENABLE_STRICT_OBJC_MSGSEND = YES;
				ENABLE_TESTABILITY = YES;
				ENABLE_USER_SCRIPT_SANDBOXING = YES;
				GCC_C_LANGUAGE_STANDARD = gnu17;
				GCC_DYNAMIC_NO_PIC = NO;
				GCC_NO_COMMON_BLOCKS = YES;
				GCC_OPTIMIZATION_LEVEL = 0;
				GCC_PREPROCESSOR_DEFINITIONS = (
					"DEBUG=1",
					"$(inherited)",
				);
				GCC_WARN_64_TO_32_BIT_CONVERSION = YES;
				GCC_WARN_ABOUT_RETURN_TYPE = YES_ERROR;
				GCC_WARN_UNDECLARED_SELECTOR = YES;
				GCC_WARN_UNINITIALIZED_AUTOS = YES_AGGRESSIVE;
				GCC_WARN_UNUSED_FUNCTION = YES;
				GCC_WARN_UNUSED_VARIABLE = YES;
				IPHONEOS_DEPLOYMENT_TARGET = 26.1;
				LOCALIZATION_PREFERS_STRING_CATALOGS = YES;
				MTL_ENABLE_DEBUG_INFO = INCLUDE_SOURCE;
				MTL_FAST_MATH = YES;
				ONLY_ACTIVE_ARCH = YES;
				SDKROOT = iphoneos;
				SWIFT_ACTIVE_COMPILATION_CONDITIONS = "DEBUG $(inherited)";
				SWIFT_OPTIMIZATION_LEVEL = "-Onone";
			};
			name = Debug;
		};
		425728792ECF16C900E95676 /* Release */ = {
			isa = XCBuildConfiguration;
			buildSettings = {
				ALWAYS_SEARCH_USER_PATHS = NO;
				ASSETCATALOG_COMPILER_GENERATE_SWIFT_ASSET_SYMBOL_EXTENSIONS = YES;
				CLANG_ANALYZER_NONNULL = YES;
				CLANG_ANALYZER_NUMBER_OBJECT_CONVERSION = YES_AGGRESSIVE;
				CLANG_CXX_LANGUAGE_STANDARD = "gnu++20";
				CLANG_ENABLE_MODULES = YES;
				CLANG_ENABLE_OBJC_ARC = YES;
				CLANG_ENABLE_OBJC_WEAK = YES;
				CLANG_WARN_BLOCK_CAPTURE_AUTORELEASING = YES;
				CLANG_WARN_BOOL_CONVERSION = YES;
				CLANG_WARN_COMMA = YES;
				CLANG_WARN_CONSTANT_CONVERSION = YES;
				CLANG_WARN_DEPRECATED_OBJC_IMPLEMENTATIONS = YES;
				CLANG_WARN_DIRECT_OBJC_ISA_USAGE = YES_ERROR;
				CLANG_WARN_DOCUMENTATION_COMMENTS = YES;
				CLANG_WARN_EMPTY_BODY = YES;
				CLANG_WARN_ENUM_CONVERSION = YES;
				CLANG_WARN_INFINITE_RECURSION = YES;
				CLANG_WARN_INT_CONVERSION = YES;
				CLANG_WARN_NON_LITERAL_NULL_CONVERSION = YES;
				CLANG_WARN_OBJC_IMPLICIT_RETAIN_SELF = YES;
				CLANG_WARN_OBJC_LITERAL_CONVERSION = YES;
				CLANG_WARN_OBJC_ROOT_CLASS = YES_ERROR;
				CLANG_WARN_QUOTED_INCLUDE_IN_FRAMEWORK_HEADER = YES;
				CLANG_WARN_RANGE_LOOP_ANALYSIS = YES;
				CLANG_WARN_STRICT_PROTOTYPES = YES;
				CLANG_WARN_SUSPICIOUS_MOVE = YES;
				CLANG_WARN_UNGUARDED_AVAILABILITY = YES_AGGRESSIVE;
				CLANG_WARN_UNREACHABLE_CODE = YES;
				CLANG_WARN__DUPLICATE_METHOD_MATCH = YES;
				COPY_PHASE_STRIP = NO;
				DEBUG_INFORMATION_FORMAT = "dwarf-with-dsym";
				ENABLE_NS_ASSERTIONS = NO;
				ENABLE_STRICT_OBJC_MSGSEND = YES;
				ENABLE_USER_SCRIPT_SANDBOXING = YES;
				GCC_C_LANGUAGE_STANDARD = gnu17;
				GCC_NO_COMMON_BLOCKS = YES;
				GCC_WARN_64_TO_32_BIT_CONVERSION = YES;
				GCC_WARN_ABOUT_RETURN_TYPE = YES_ERROR;
				GCC_WARN_UNDECLARED_SELECTOR = YES;
				GCC_WARN_UNINITIALIZED_AUTOS = YES_AGGRESSIVE;
				GCC_WARN_UNUSED_FUNCTION = YES;
				GCC_WARN_UNUSED_VARIABLE = YES;
				IPHONEOS_DEPLOYMENT_TARGET = 26.1;
				LOCALIZATION_PREFERS_STRING_CATALOGS = YES;
				MTL_ENABLE_DEBUG_INFO = NO;
				MTL_FAST_MATH = YES;
				SDKROOT = iphoneos;
				SWIFT_COMPILATION_MODE = wholemodule;
				VALIDATE_PRODUCT = YES;
			};
			name = Release;
		};
/* End XCBuildConfiguration section */

/* Begin XCConfigurationList section */
		4257285D2ECF16C800E95676 /* Build configuration list for PBXProject "HomeCookBook" */ = {
			isa = XCConfigurationList;
			buildConfigurations = (
				425728782ECF16C900E95676 /* Debug */,
				425728792ECF16C900E95676 /* Release */,
			);
			defaultConfigurationIsVisible = 0;
			defaultConfigurationName = Release;
		};
		425728752ECF16C900E95676 /* Build configuration list for PBXNativeTarget "HomeCookBook" */ = {
			isa = XCConfigurationList;
			buildConfigurations = (
				425728762ECF16C900E95676 /* Debug */,
				425728772ECF16C900E95676 /* Release */,
			);
			defaultConfigurationIsVisible = 0;
			defaultConfigurationName = Release;
		};
/* End XCConfigurationList section */
	};
	rootObject = 4257285A2ECF16C800E95676 /* Project object */;
}
